<?xml version="1.0" encoding="utf-8"?>
<Project ToolsVersion="4.0" xmlns="http://schemas.microsoft.com/developer/msbuild/2003">
  <ItemGroup>
    <Filter Include="Source Files">
      <UniqueIdentifier>{4FC737F1-C7A5-4376-A066-2A32D752A2FF}</UniqueIdentifier>
      <Extensions>cpp;c;cc;cxx;c++;cppm;ixx;def;odl;idl;hpj;bat;asm;asmx</Extensions>
    </Filter>
    <Filter Include="Header Files">
      <UniqueIdentifier>{93995380-89BD-4b04-88EB-625FBE52EBFB}</UniqueIdentifier>
      <Extensions>h;hh;hpp;hxx;h++;hm;inl;inc;ipp;xsd</Extensions>
    </Filter>
    <Filter Include="Resource Files">
      <UniqueIdentifier>{67DA6AB6-F800-4c08-8B7A-83BB121AAD01}</UniqueIdentifier>
      <Extensions>rc;ico;cur;bmp;dlg;rc2;rct;bin;rgs;gif;jpg;jpeg;jpe;resx;tiff;tif;png;wav;mfcribbon-ms</Extensions>
    </Filter>
  </ItemGroup>
  <ItemGroup>
    <ClCompile Include="..\Camera.cpp">
      <Filter>Source Files</Filter>
    </ClCompile>
    <ClCompile Include="..\Entity.cpp">
      <Filter>Source Files</Filter>
    </ClCompile>
    <ClCompile Include="..\GameManager.cpp">
      <Filter>Source Files</Filter>
    </ClCompile>
    <ClCompile Include="..\glad.c">
      <Filter>Source Files</Filter>
    </ClCompile>
    <ClCompile Include="..\GraphicsManager.cpp">
      <Filter>Source Files</Filter>
    </ClCompile>
    <ClCompile Include="..\Level.cpp">
      <Filter>Source Files</Filter>
    </ClCompile>
    <ClCompile Include="..\main.cpp">
      <Filter>Source Files</Filter>
    </ClCompile>
    <ClCompile Include="..\Player.cpp">
      <Filter>Source Files</Filter>
    </ClCompile>
    <ClCompile Include="..\Shader.cpp">
      <Filter>Source Files</Filter>
    </ClCompile>
    <ClCompile Include="..\Wall.cpp">
      <Filter>Source Files</Filter>
    </ClCompile>
    <ClCompile Include="..\Ammo.cpp">
      <Filter>Source Files</Filter>
    </ClCompile>
    <ClCompile Include="..\BlueKey.cpp">
      <Filter>Source Files</Filter>
    </ClCompile>
    <ClCompile Include="..\BulletHole.cpp">
      <Filter>Source Files</Filter>
    </ClCompile>
    <ClCompile Include="..\RedKey.cpp">
      <Filter>Source Files</Filter>
    </ClCompile>
    <ClCompile Include="..\SoundManager.cpp">
      <Filter>Source Files</Filter>
    </ClCompile>
    <ClCompile Include="..\YellowKey.cpp">
      <Filter>Source Files</Filter>
    </ClCompile>
    <ClCompile Include="..\Zombie.cpp">
      <Filter>Source Files</Filter>
    </ClCompile>
    <ClCompile Include="..\ZombieGib.cpp">
      <Filter>Source Files</Filter>
    </ClCompile>
    <ClCompile Include="..\Pistol.cpp">
      <Filter>Source Files</Filter>
    </ClCompile>
    <ClCompile Include="..\Rifle.cpp">
      <Filter>Source Files</Filter>
    </ClCompile>
    <ClCompile Include="..\RifleAmmo.cpp">
      <Filter>Source Files</Filter>
    </ClCompile>
    <ClCompile Include="Syringe.cpp">
      <Filter>Source Files</Filter>
    </ClCompile>
    <ClCompile Include="Colleen.cpp">
      <Filter>Source Files</Filter>
    </ClCompile>
    <ClCompile Include="Beacon.cpp">
      <Filter>Source Files</Filter>
    </ClCompile>
  </ItemGroup>
  <ItemGroup>
    <None Include="..\EntityVertexShader.glsl">
      <Filter>Source Files</Filter>
    </None>
    <None Include="..\FontFragmentShader.glsl">
      <Filter>Source Files</Filter>
    </None>
    <None Include="..\FontVertexShader.glsl">
      <Filter>Source Files</Filter>
    </None>
    <None Include="..\UIFragmentShader.glsl">
      <Filter>Source Files</Filter>
    </None>
    <None Include="..\UIVertexShader.glsl">
      <Filter>Source Files</Filter>
    </None>
    <None Include="..\WallsFragmentShader.glsl">
      <Filter>Source Files</Filter>
    </None>
    <None Include="..\WallsVertexShader.glsl">
      <Filter>Source Files</Filter>
    </None>
    <None Include="..\BrushSpriteFragmentShader.glsl">
      <Filter>Source Files</Filter>
    </None>
    <None Include="..\BrushSpriteVertexShader.glsl">
      <Filter>Source Files</Filter>
    </None>
    <None Include="..\EntityFragmentShader.glsl">
      <Filter>Source Files</Filter>
    </None>
  </ItemGroup>
  <ItemGroup>
    <ClInclude Include="..\Camera.hpp">
      <Filter>Header Files</Filter>
    </ClInclude>
    <ClInclude Include="..\Entity.hpp">
      <Filter>Header Files</Filter>
    </ClInclude>
    <ClInclude Include="..\GameManager.hpp">
      <Filter>Header Files</Filter>
    </ClInclude>
    <ClInclude Include="..\GraphicsManager.hpp">
      <Filter>Header Files</Filter>
    </ClInclude>
    <ClInclude Include="..\Level.hpp">
      <Filter>Header Files</Filter>
    </ClInclude>
    <ClInclude Include="..\Player.hpp">
      <Filter>Header Files</Filter>
    </ClInclude>
    <ClInclude Include="..\Shader.hpp">
      <Filter>Header Files</Filter>
    </ClInclude>
    <ClInclude Include="..\Wall.hpp">
      <Filter>Header Files</Filter>
    </ClInclude>
    <ClInclude Include="..\Ammo.hpp">
      <Filter>Header Files</Filter>
    </ClInclude>
    <ClInclude Include="..\BlueKey.hpp">
      <Filter>Header Files</Filter>
    </ClInclude>
    <ClInclude Include="..\BulletHole.hpp">
      <Filter>Header Files</Filter>
    </ClInclude>
    <ClInclude Include="..\EntDef.h">
      <Filter>Header Files</Filter>
    </ClInclude>
    <ClInclude Include="..\Managers.hpp">
      <Filter>Header Files</Filter>
    </ClInclude>
    <ClInclude Include="..\RedKey.hpp">
      <Filter>Header Files</Filter>
    </ClInclude>
    <ClInclude Include="..\SoundManager.hpp">
      <Filter>Header Files</Filter>
    </ClInclude>
    <ClInclude Include="..\YellowKey.hpp">
      <Filter>Header Files</Filter>
    </ClInclude>
    <ClInclude Include="..\Zombie.hpp">
      <Filter>Header Files</Filter>
    </ClInclude>
    <ClInclude Include="..\ZombieGib.hpp">
      <Filter>Header Files</Filter>
    </ClInclude>
    <ClInclude Include="..\Rifle.hpp">
      <Filter>Header Files</Filter>
    </ClInclude>
    <ClInclude Include="..\RifleAmmo.hpp">
      <Filter>Header Files</Filter>
    </ClInclude>
    <ClInclude Include="Syringe.hpp">
      <Filter>Header Files</Filter>
    </ClInclude>
    <ClInclude Include="Platform.h">
      <Filter>Header Files</Filter>
    </ClInclude>
    <ClInclude Include="Colleen.hpp">
      <Filter>Header Files</Filter>
    </ClInclude>
    <ClInclude Include="AnimationDesc.h">
      <Filter>Header Files</Filter>
    </ClInclude>
    <ClInclude Include="Beacon.hpp">
      <Filter>Header Files</Filter>
    </ClInclude>
    <ClInclude Include="TileDef.h">
      <Filter>Header Files</Filter>
    </ClInclude>
  </ItemGroup>
</Project>